// !$*UTF8*$!
{
	archiveVersion = 1;
	classes = {
	};
	objectVersion = 50;
	objects = {

/* Begin PBXBuildFile section */
		C30FDE5DA301675D90461B62 /* Pods_efi_ios_efi_iosUITests.framework in Frameworks */ = {isa = PBXBuildFile; fileRef = 978FB86B8394627C40CE519D /* Pods_efi_ios_efi_iosUITests.framework */; };
		DA0A55FC702372BDC17D2B33 /* Pods_efi_ios.framework in Frameworks */ = {isa = PBXBuildFile; fileRef = 697BBF68CEEFD1E2D776E000 /* Pods_efi_ios.framework */; };
		E470812530977C00219AF81D /* Pods_efi_iosTests.framework in Frameworks */ = {isa = PBXBuildFile; fileRef = 44B0F8D4A81B649898E41A9D /* Pods_efi_iosTests.framework */; };
		EFF3C04723C6CFEB0019FE0E /* AppDelegate.swift in Sources */ = {isa = PBXBuildFile; fileRef = EFF3C04623C6CFEB0019FE0E /* AppDelegate.swift */; };
		EFF3C04923C6CFEB0019FE0E /* SceneDelegate.swift in Sources */ = {isa = PBXBuildFile; fileRef = EFF3C04823C6CFEB0019FE0E /* SceneDelegate.swift */; };
		EFF3C04B23C6CFEB0019FE0E /* ViewController.swift in Sources */ = {isa = PBXBuildFile; fileRef = EFF3C04A23C6CFEB0019FE0E /* ViewController.swift */; };
		EFF3C04E23C6CFEB0019FE0E /* Main.storyboard in Resources */ = {isa = PBXBuildFile; fileRef = EFF3C04C23C6CFEB0019FE0E /* Main.storyboard */; };
		EFF3C05023C6CFEC0019FE0E /* Assets.xcassets in Resources */ = {isa = PBXBuildFile; fileRef = EFF3C04F23C6CFEC0019FE0E /* Assets.xcassets */; };
		EFF3C05323C6CFEC0019FE0E /* LaunchScreen.storyboard in Resources */ = {isa = PBXBuildFile; fileRef = EFF3C05123C6CFEC0019FE0E /* LaunchScreen.storyboard */; };
		EFF3C05E23C6CFED0019FE0E /* efi_iosTests.swift in Sources */ = {isa = PBXBuildFile; fileRef = EFF3C05D23C6CFED0019FE0E /* efi_iosTests.swift */; };
		EFF3C06923C6CFED0019FE0E /* efi_iosUITests.swift in Sources */ = {isa = PBXBuildFile; fileRef = EFF3C06823C6CFED0019FE0E /* efi_iosUITests.swift */; };
/* End PBXBuildFile section */

/* Begin PBXContainerItemProxy section */
		EFF3C05A23C6CFED0019FE0E /* PBXContainerItemProxy */ = {
			isa = PBXContainerItemProxy;
			containerPortal = EFF3C03B23C6CFEB0019FE0E /* Project object */;
			proxyType = 1;
			remoteGlobalIDString = EFF3C04223C6CFEB0019FE0E;
			remoteInfo = "efi-ios";
		};
		EFF3C06523C6CFED0019FE0E /* PBXContainerItemProxy */ = {
			isa = PBXContainerItemProxy;
			containerPortal = EFF3C03B23C6CFEB0019FE0E /* Project object */;
			proxyType = 1;
			remoteGlobalIDString = EFF3C04223C6CFEB0019FE0E;
			remoteInfo = "efi-ios";
		};
/* End PBXContainerItemProxy section */

/* Begin PBXFileReference section */
		0DCA91A54953BFF23334FDD6 /* Pods-efi-ios.release.xcconfig */ = {isa = PBXFileReference; includeInIndex = 1; lastKnownFileType = text.xcconfig; name = "Pods-efi-ios.release.xcconfig"; path = "Target Support Files/Pods-efi-ios/Pods-efi-ios.release.xcconfig"; sourceTree = "<group>"; };
		44B0F8D4A81B649898E41A9D /* Pods_efi_iosTests.framework */ = {isa = PBXFileReference; explicitFileType = wrapper.framework; includeInIndex = 0; path = Pods_efi_iosTests.framework; sourceTree = BUILT_PRODUCTS_DIR; };
		5776B33881B56F9854ED6AC0 /* Pods-efi-ios-efi-iosUITests.release.xcconfig */ = {isa = PBXFileReference; includeInIndex = 1; lastKnownFileType = text.xcconfig; name = "Pods-efi-ios-efi-iosUITests.release.xcconfig"; path = "Target Support Files/Pods-efi-ios-efi-iosUITests/Pods-efi-ios-efi-iosUITests.release.xcconfig"; sourceTree = "<group>"; };
		67391021B8F86A55E2D0ECF6 /* Pods-efi-ios.debug.xcconfig */ = {isa = PBXFileReference; includeInIndex = 1; lastKnownFileType = text.xcconfig; name = "Pods-efi-ios.debug.xcconfig"; path = "Target Support Files/Pods-efi-ios/Pods-efi-ios.debug.xcconfig"; sourceTree = "<group>"; };
		697BBF68CEEFD1E2D776E000 /* Pods_efi_ios.framework */ = {isa = PBXFileReference; explicitFileType = wrapper.framework; includeInIndex = 0; path = Pods_efi_ios.framework; sourceTree = BUILT_PRODUCTS_DIR; };
		978FB86B8394627C40CE519D /* Pods_efi_ios_efi_iosUITests.framework */ = {isa = PBXFileReference; explicitFileType = wrapper.framework; includeInIndex = 0; path = Pods_efi_ios_efi_iosUITests.framework; sourceTree = BUILT_PRODUCTS_DIR; };
		9F726682AEC9D6662983AD53 /* Pods-efi-iosTests.debug.xcconfig */ = {isa = PBXFileReference; includeInIndex = 1; lastKnownFileType = text.xcconfig; name = "Pods-efi-iosTests.debug.xcconfig"; path = "Target Support Files/Pods-efi-iosTests/Pods-efi-iosTests.debug.xcconfig"; sourceTree = "<group>"; };
		DBA7F73C21A5B2D097F8EA5C /* Pods-efi-ios-efi-iosUITests.debug.xcconfig */ = {isa = PBXFileReference; includeInIndex = 1; lastKnownFileType = text.xcconfig; name = "Pods-efi-ios-efi-iosUITests.debug.xcconfig"; path = "Target Support Files/Pods-efi-ios-efi-iosUITests/Pods-efi-ios-efi-iosUITests.debug.xcconfig"; sourceTree = "<group>"; };
		E96FD2FFF777417EEAADA4DE /* Pods-efi-iosTests.release.xcconfig */ = {isa = PBXFileReference; includeInIndex = 1; lastKnownFileType = text.xcconfig; name = "Pods-efi-iosTests.release.xcconfig"; path = "Target Support Files/Pods-efi-iosTests/Pods-efi-iosTests.release.xcconfig"; sourceTree = "<group>"; };
		EFF3C04323C6CFEB0019FE0E /* efi-ios.app */ = {isa = PBXFileReference; explicitFileType = wrapper.application; includeInIndex = 0; path = "efi-ios.app"; sourceTree = BUILT_PRODUCTS_DIR; };
		EFF3C04623C6CFEB0019FE0E /* AppDelegate.swift */ = {isa = PBXFileReference; lastKnownFileType = sourcecode.swift; path = AppDelegate.swift; sourceTree = "<group>"; };
		EFF3C04823C6CFEB0019FE0E /* SceneDelegate.swift */ = {isa = PBXFileReference; lastKnownFileType = sourcecode.swift; path = SceneDelegate.swift; sourceTree = "<group>"; };
		EFF3C04A23C6CFEB0019FE0E /* ViewController.swift */ = {isa = PBXFileReference; lastKnownFileType = sourcecode.swift; path = ViewController.swift; sourceTree = "<group>"; };
		EFF3C04D23C6CFEB0019FE0E /* Base */ = {isa = PBXFileReference; lastKnownFileType = file.storyboard; name = Base; path = Base.lproj/Main.storyboard; sourceTree = "<group>"; };
		EFF3C04F23C6CFEC0019FE0E /* Assets.xcassets */ = {isa = PBXFileReference; lastKnownFileType = folder.assetcatalog; path = Assets.xcassets; sourceTree = "<group>"; };
		EFF3C05223C6CFEC0019FE0E /* Base */ = {isa = PBXFileReference; lastKnownFileType = file.storyboard; name = Base; path = Base.lproj/LaunchScreen.storyboard; sourceTree = "<group>"; };
		EFF3C05423C6CFEC0019FE0E /* Info.plist */ = {isa = PBXFileReference; lastKnownFileType = text.plist.xml; path = Info.plist; sourceTree = "<group>"; };
		EFF3C05923C6CFED0019FE0E /* efi-iosTests.xctest */ = {isa = PBXFileReference; explicitFileType = wrapper.cfbundle; includeInIndex = 0; path = "efi-iosTests.xctest"; sourceTree = BUILT_PRODUCTS_DIR; };
		EFF3C05D23C6CFED0019FE0E /* efi_iosTests.swift */ = {isa = PBXFileReference; lastKnownFileType = sourcecode.swift; path = efi_iosTests.swift; sourceTree = "<group>"; };
		EFF3C05F23C6CFED0019FE0E /* Info.plist */ = {isa = PBXFileReference; lastKnownFileType = text.plist.xml; path = Info.plist; sourceTree = "<group>"; };
		EFF3C06423C6CFED0019FE0E /* efi-iosUITests.xctest */ = {isa = PBXFileReference; explicitFileType = wrapper.cfbundle; includeInIndex = 0; path = "efi-iosUITests.xctest"; sourceTree = BUILT_PRODUCTS_DIR; };
		EFF3C06823C6CFED0019FE0E /* efi_iosUITests.swift */ = {isa = PBXFileReference; lastKnownFileType = sourcecode.swift; path = efi_iosUITests.swift; sourceTree = "<group>"; };
		EFF3C06A23C6CFED0019FE0E /* Info.plist */ = {isa = PBXFileReference; lastKnownFileType = text.plist.xml; path = Info.plist; sourceTree = "<group>"; };
/* End PBXFileReference section */

/* Begin PBXFrameworksBuildPhase section */
		EFF3C04023C6CFEB0019FE0E /* Frameworks */ = {
			isa = PBXFrameworksBuildPhase;
			buildActionMask = 2147483647;
			files = (
				DA0A55FC702372BDC17D2B33 /* Pods_efi_ios.framework in Frameworks */,
			);
			runOnlyForDeploymentPostprocessing = 0;
		};
		EFF3C05623C6CFED0019FE0E /* Frameworks */ = {
			isa = PBXFrameworksBuildPhase;
			buildActionMask = 2147483647;
			files = (
				E470812530977C00219AF81D /* Pods_efi_iosTests.framework in Frameworks */,
			);
			runOnlyForDeploymentPostprocessing = 0;
		};
		EFF3C06123C6CFED0019FE0E /* Frameworks */ = {
			isa = PBXFrameworksBuildPhase;
			buildActionMask = 2147483647;
			files = (
				C30FDE5DA301675D90461B62 /* Pods_efi_ios_efi_iosUITests.framework in Frameworks */,
			);
			runOnlyForDeploymentPostprocessing = 0;
		};
/* End PBXFrameworksBuildPhase section */

/* Begin PBXGroup section */
		A84ED35E1DDBD70BCF1C516F /* Frameworks */ = {
			isa = PBXGroup;
			children = (
				697BBF68CEEFD1E2D776E000 /* Pods_efi_ios.framework */,
				978FB86B8394627C40CE519D /* Pods_efi_ios_efi_iosUITests.framework */,
				44B0F8D4A81B649898E41A9D /* Pods_efi_iosTests.framework */,
			);
			name = Frameworks;
			sourceTree = "<group>";
		};
		CFB74FBEE28B9AC5BF464AC5 /* Pods */ = {
			isa = PBXGroup;
			children = (
				67391021B8F86A55E2D0ECF6 /* Pods-efi-ios.debug.xcconfig */,
				0DCA91A54953BFF23334FDD6 /* Pods-efi-ios.release.xcconfig */,
				DBA7F73C21A5B2D097F8EA5C /* Pods-efi-ios-efi-iosUITests.debug.xcconfig */,
				5776B33881B56F9854ED6AC0 /* Pods-efi-ios-efi-iosUITests.release.xcconfig */,
				9F726682AEC9D6662983AD53 /* Pods-efi-iosTests.debug.xcconfig */,
				E96FD2FFF777417EEAADA4DE /* Pods-efi-iosTests.release.xcconfig */,
			);
			name = Pods;
			path = Pods;
			sourceTree = "<group>";
		};
		EFF3C03A23C6CFEB0019FE0E = {
			isa = PBXGroup;
			children = (
				EFF3C04523C6CFEB0019FE0E /* efi-ios */,
				EFF3C05C23C6CFED0019FE0E /* efi-iosTests */,
				EFF3C06723C6CFED0019FE0E /* efi-iosUITests */,
				EFF3C04423C6CFEB0019FE0E /* Products */,
				CFB74FBEE28B9AC5BF464AC5 /* Pods */,
				A84ED35E1DDBD70BCF1C516F /* Frameworks */,
			);
			sourceTree = "<group>";
		};
		EFF3C04423C6CFEB0019FE0E /* Products */ = {
			isa = PBXGroup;
			children = (
				EFF3C04323C6CFEB0019FE0E /* efi-ios.app */,
				EFF3C05923C6CFED0019FE0E /* efi-iosTests.xctest */,
				EFF3C06423C6CFED0019FE0E /* efi-iosUITests.xctest */,
			);
			name = Products;
			sourceTree = "<group>";
		};
		EFF3C04523C6CFEB0019FE0E /* efi-ios */ = {
			isa = PBXGroup;
			children = (
				EFF3C04623C6CFEB0019FE0E /* AppDelegate.swift */,
				EFF3C04823C6CFEB0019FE0E /* SceneDelegate.swift */,
				EFF3C04A23C6CFEB0019FE0E /* ViewController.swift */,
				EFF3C04C23C6CFEB0019FE0E /* Main.storyboard */,
				EFF3C04F23C6CFEC0019FE0E /* Assets.xcassets */,
				EFF3C05123C6CFEC0019FE0E /* LaunchScreen.storyboard */,
				EFF3C05423C6CFEC0019FE0E /* Info.plist */,
			);
			path = "efi-ios";
			sourceTree = "<group>";
		};
		EFF3C05C23C6CFED0019FE0E /* efi-iosTests */ = {
			isa = PBXGroup;
			children = (
				EFF3C05D23C6CFED0019FE0E /* efi_iosTests.swift */,
				EFF3C05F23C6CFED0019FE0E /* Info.plist */,
			);
			path = "efi-iosTests";
			sourceTree = "<group>";
		};
		EFF3C06723C6CFED0019FE0E /* efi-iosUITests */ = {
			isa = PBXGroup;
			children = (
				EFF3C06823C6CFED0019FE0E /* efi_iosUITests.swift */,
				EFF3C06A23C6CFED0019FE0E /* Info.plist */,
			);
			path = "efi-iosUITests";
			sourceTree = "<group>";
		};
/* End PBXGroup section */

/* Begin PBXNativeTarget section */
		EFF3C04223C6CFEB0019FE0E /* efi-ios */ = {
			isa = PBXNativeTarget;
			buildConfigurationList = EFF3C06D23C6CFED0019FE0E /* Build configuration list for PBXNativeTarget "efi-ios" */;
			buildPhases = (
				FEEDAFF09DC0E0D3FDA3B603 /* [CP] Check Pods Manifest.lock */,
				EFF3C03F23C6CFEB0019FE0E /* Sources */,
				EFF3C04023C6CFEB0019FE0E /* Frameworks */,
				EFF3C04123C6CFEB0019FE0E /* Resources */,
				B4FC8D9C5FB86556C8F04CC4 /* [CP] Embed Pods Frameworks */,
			);
			buildRules = (
			);
			dependencies = (
			);
			name = "efi-ios";
			productName = "efi-ios";
			productReference = EFF3C04323C6CFEB0019FE0E /* efi-ios.app */;
			productType = "com.apple.product-type.application";
		};
		EFF3C05823C6CFED0019FE0E /* efi-iosTests */ = {
			isa = PBXNativeTarget;
			buildConfigurationList = EFF3C07023C6CFED0019FE0E /* Build configuration list for PBXNativeTarget "efi-iosTests" */;
			buildPhases = (
				92C0A83C2AA1B234B51BC6F9 /* [CP] Check Pods Manifest.lock */,
				EFF3C05523C6CFED0019FE0E /* Sources */,
				EFF3C05623C6CFED0019FE0E /* Frameworks */,
				EFF3C05723C6CFED0019FE0E /* Resources */,
			);
			buildRules = (
			);
			dependencies = (
				EFF3C05B23C6CFED0019FE0E /* PBXTargetDependency */,
			);
			name = "efi-iosTests";
			productName = "efi-iosTests";
			productReference = EFF3C05923C6CFED0019FE0E /* efi-iosTests.xctest */;
			productType = "com.apple.product-type.bundle.unit-test";
		};
		EFF3C06323C6CFED0019FE0E /* efi-iosUITests */ = {
			isa = PBXNativeTarget;
			buildConfigurationList = EFF3C07323C6CFED0019FE0E /* Build configuration list for PBXNativeTarget "efi-iosUITests" */;
			buildPhases = (
				AD391761D2AD8A9FD87F838D /* [CP] Check Pods Manifest.lock */,
				EFF3C06023C6CFED0019FE0E /* Sources */,
				EFF3C06123C6CFED0019FE0E /* Frameworks */,
				EFF3C06223C6CFED0019FE0E /* Resources */,
				D1DAAC5953301EDAE981B04D /* [CP] Embed Pods Frameworks */,
			);
			buildRules = (
			);
			dependencies = (
				EFF3C06623C6CFED0019FE0E /* PBXTargetDependency */,
			);
			name = "efi-iosUITests";
			productName = "efi-iosUITests";
			productReference = EFF3C06423C6CFED0019FE0E /* efi-iosUITests.xctest */;
			productType = "com.apple.product-type.bundle.ui-testing";
		};
/* End PBXNativeTarget section */

/* Begin PBXProject section */
		EFF3C03B23C6CFEB0019FE0E /* Project object */ = {
			isa = PBXProject;
			attributes = {
				LastSwiftUpdateCheck = 1130;
				LastUpgradeCheck = 1130;
				ORGANIZATIONNAME = TAT;
				TargetAttributes = {
					EFF3C04223C6CFEB0019FE0E = {
						CreatedOnToolsVersion = 11.3;
					};
					EFF3C05823C6CFED0019FE0E = {
						CreatedOnToolsVersion = 11.3;
						TestTargetID = EFF3C04223C6CFEB0019FE0E;
					};
					EFF3C06323C6CFED0019FE0E = {
						CreatedOnToolsVersion = 11.3;
						TestTargetID = EFF3C04223C6CFEB0019FE0E;
					};
				};
			};
			buildConfigurationList = EFF3C03E23C6CFEB0019FE0E /* Build configuration list for PBXProject "efi-ios" */;
			compatibilityVersion = "Xcode 9.3";
			developmentRegion = en;
			hasScannedForEncodings = 0;
			knownRegions = (
				en,
				Base,
			);
			mainGroup = EFF3C03A23C6CFEB0019FE0E;
			productRefGroup = EFF3C04423C6CFEB0019FE0E /* Products */;
			projectDirPath = "";
			projectRoot = "";
			targets = (
				EFF3C04223C6CFEB0019FE0E /* efi-ios */,
				EFF3C05823C6CFED0019FE0E /* efi-iosTests */,
				EFF3C06323C6CFED0019FE0E /* efi-iosUITests */,
			);
		};
/* End PBXProject section */

/* Begin PBXResourcesBuildPhase section */
		EFF3C04123C6CFEB0019FE0E /* Resources */ = {
			isa = PBXResourcesBuildPhase;
			buildActionMask = 2147483647;
			files = (
				EFF3C05323C6CFEC0019FE0E /* LaunchScreen.storyboard in Resources */,
				EFF3C05023C6CFEC0019FE0E /* Assets.xcassets in Resources */,
				EFF3C04E23C6CFEB0019FE0E /* Main.storyboard in Resources */,
			);
			runOnlyForDeploymentPostprocessing = 0;
		};
		EFF3C05723C6CFED0019FE0E /* Resources */ = {
			isa = PBXResourcesBuildPhase;
			buildActionMask = 2147483647;
			files = (
			);
			runOnlyForDeploymentPostprocessing = 0;
		};
		EFF3C06223C6CFED0019FE0E /* Resources */ = {
			isa = PBXResourcesBuildPhase;
			buildActionMask = 2147483647;
			files = (
			);
			runOnlyForDeploymentPostprocessing = 0;
		};
/* End PBXResourcesBuildPhase section */

/* Begin PBXShellScriptBuildPhase section */
		92C0A83C2AA1B234B51BC6F9 /* [CP] Check Pods Manifest.lock */ = {
			isa = PBXShellScriptBuildPhase;
			buildActionMask = 2147483647;
			files = (
			);
			inputFileListPaths = (
			);
			inputPaths = (
				"${PODS_PODFILE_DIR_PATH}/Podfile.lock",
				"${PODS_ROOT}/Manifest.lock",
			);
			name = "[CP] Check Pods Manifest.lock";
			outputFileListPaths = (
			);
			outputPaths = (
				"$(DERIVED_FILE_DIR)/Pods-efi-iosTests-checkManifestLockResult.txt",
			);
			runOnlyForDeploymentPostprocessing = 0;
			shellPath = /bin/sh;
			shellScript = "diff \"${PODS_PODFILE_DIR_PATH}/Podfile.lock\" \"${PODS_ROOT}/Manifest.lock\" > /dev/null\nif [ $? != 0 ] ; then\n    # print error to STDERR\n    echo \"error: The sandbox is not in sync with the Podfile.lock. Run 'pod install' or update your CocoaPods installation.\" >&2\n    exit 1\nfi\n# This output is used by Xcode 'outputs' to avoid re-running this script phase.\necho \"SUCCESS\" > \"${SCRIPT_OUTPUT_FILE_0}\"\n";
			showEnvVarsInLog = 0;
		};
		AD391761D2AD8A9FD87F838D /* [CP] Check Pods Manifest.lock */ = {
			isa = PBXShellScriptBuildPhase;
			buildActionMask = 2147483647;
			files = (
			);
			inputFileListPaths = (
			);
			inputPaths = (
				"${PODS_PODFILE_DIR_PATH}/Podfile.lock",
				"${PODS_ROOT}/Manifest.lock",
			);
			name = "[CP] Check Pods Manifest.lock";
			outputFileListPaths = (
			);
			outputPaths = (
				"$(DERIVED_FILE_DIR)/Pods-efi-ios-efi-iosUITests-checkManifestLockResult.txt",
			);
			runOnlyForDeploymentPostprocessing = 0;
			shellPath = /bin/sh;
			shellScript = "diff \"${PODS_PODFILE_DIR_PATH}/Podfile.lock\" \"${PODS_ROOT}/Manifest.lock\" > /dev/null\nif [ $? != 0 ] ; then\n    # print error to STDERR\n    echo \"error: The sandbox is not in sync with the Podfile.lock. Run 'pod install' or update your CocoaPods installation.\" >&2\n    exit 1\nfi\n# This output is used by Xcode 'outputs' to avoid re-running this script phase.\necho \"SUCCESS\" > \"${SCRIPT_OUTPUT_FILE_0}\"\n";
			showEnvVarsInLog = 0;
		};
		B4FC8D9C5FB86556C8F04CC4 /* [CP] Embed Pods Frameworks */ = {
			isa = PBXShellScriptBuildPhase;
			buildActionMask = 2147483647;
			files = (
			);
			inputFileListPaths = (
				"${PODS_ROOT}/Target Support Files/Pods-efi-ios/Pods-efi-ios-frameworks-${CONFIGURATION}-input-files.xcfilelist",
			);
			name = "[CP] Embed Pods Frameworks";
			outputFileListPaths = (
				"${PODS_ROOT}/Target Support Files/Pods-efi-ios/Pods-efi-ios-frameworks-${CONFIGURATION}-output-files.xcfilelist",
			);
			runOnlyForDeploymentPostprocessing = 0;
			shellPath = /bin/sh;
			shellScript = "\"${PODS_ROOT}/Target Support Files/Pods-efi-ios/Pods-efi-ios-frameworks.sh\"\n";
			showEnvVarsInLog = 0;
		};
		D1DAAC5953301EDAE981B04D /* [CP] Embed Pods Frameworks */ = {
			isa = PBXShellScriptBuildPhase;
			buildActionMask = 2147483647;
			files = (
			);
			inputFileListPaths = (
				"${PODS_ROOT}/Target Support Files/Pods-efi-ios-efi-iosUITests/Pods-efi-ios-efi-iosUITests-frameworks-${CONFIGURATION}-input-files.xcfilelist",
			);
			name = "[CP] Embed Pods Frameworks";
			outputFileListPaths = (
				"${PODS_ROOT}/Target Support Files/Pods-efi-ios-efi-iosUITests/Pods-efi-ios-efi-iosUITests-frameworks-${CONFIGURATION}-output-files.xcfilelist",
			);
			runOnlyForDeploymentPostprocessing = 0;
			shellPath = /bin/sh;
			shellScript = "\"${PODS_ROOT}/Target Support Files/Pods-efi-ios-efi-iosUITests/Pods-efi-ios-efi-iosUITests-frameworks.sh\"\n";
			showEnvVarsInLog = 0;
		};
		FEEDAFF09DC0E0D3FDA3B603 /* [CP] Check Pods Manifest.lock */ = {
			isa = PBXShellScriptBuildPhase;
			buildActionMask = 2147483647;
			files = (
			);
			inputFileListPaths = (
			);
			inputPaths = (
				"${PODS_PODFILE_DIR_PATH}/Podfile.lock",
				"${PODS_ROOT}/Manifest.lock",
			);
			name = "[CP] Check Pods Manifest.lock";
			outputFileListPaths = (
			);
			outputPaths = (
				"$(DERIVED_FILE_DIR)/Pods-efi-ios-checkManifestLockResult.txt",
			);
			runOnlyForDeploymentPostprocessing = 0;
			shellPath = /bin/sh;
			shellScript = "diff \"${PODS_PODFILE_DIR_PATH}/Podfile.lock\" \"${PODS_ROOT}/Manifest.lock\" > /dev/null\nif [ $? != 0 ] ; then\n    # print error to STDERR\n    echo \"error: The sandbox is not in sync with the Podfile.lock. Run 'pod install' or update your CocoaPods installation.\" >&2\n    exit 1\nfi\n# This output is used by Xcode 'outputs' to avoid re-running this script phase.\necho \"SUCCESS\" > \"${SCRIPT_OUTPUT_FILE_0}\"\n";
			showEnvVarsInLog = 0;
		};
/* End PBXShellScriptBuildPhase section */

/* Begin PBXSourcesBuildPhase section */
		EFF3C03F23C6CFEB0019FE0E /* Sources */ = {
			isa = PBXSourcesBuildPhase;
			buildActionMask = 2147483647;
			files = (
				EFF3C04B23C6CFEB0019FE0E /* ViewController.swift in Sources */,
				EFF3C04723C6CFEB0019FE0E /* AppDelegate.swift in Sources */,
				EFF3C04923C6CFEB0019FE0E /* SceneDelegate.swift in Sources */,
			);
			runOnlyForDeploymentPostprocessing = 0;
		};
		EFF3C05523C6CFED0019FE0E /* Sources */ = {
			isa = PBXSourcesBuildPhase;
			buildActionMask = 2147483647;
			files = (
				EFF3C05E23C6CFED0019FE0E /* efi_iosTests.swift in Sources */,
			);
			runOnlyForDeploymentPostprocessing = 0;
		};
		EFF3C06023C6CFED0019FE0E /* Sources */ = {
			isa = PBXSourcesBuildPhase;
			buildActionMask = 2147483647;
			files = (
				EFF3C06923C6CFED0019FE0E /* efi_iosUITests.swift in Sources */,
			);
			runOnlyForDeploymentPostprocessing = 0;
		};
/* End PBXSourcesBuildPhase section */

/* Begin PBXTargetDependency section */
		EFF3C05B23C6CFED0019FE0E /* PBXTargetDependency */ = {
			isa = PBXTargetDependency;
			target = EFF3C04223C6CFEB0019FE0E /* efi-ios */;
			targetProxy = EFF3C05A23C6CFED0019FE0E /* PBXContainerItemProxy */;
		};
		EFF3C06623C6CFED0019FE0E /* PBXTargetDependency */ = {
			isa = PBXTargetDependency;
			target = EFF3C04223C6CFEB0019FE0E /* efi-ios */;
			targetProxy = EFF3C06523C6CFED0019FE0E /* PBXContainerItemProxy */;
		};
/* End PBXTargetDependency section */

/* Begin PBXVariantGroup section */
		EFF3C04C23C6CFEB0019FE0E /* Main.storyboard */ = {
			isa = PBXVariantGroup;
			children = (
				EFF3C04D23C6CFEB0019FE0E /* Base */,
			);
			name = Main.storyboard;
			sourceTree = "<group>";
		};
		EFF3C05123C6CFEC0019FE0E /* LaunchScreen.storyboard */ = {
			isa = PBXVariantGroup;
			children = (
				EFF3C05223C6CFEC0019FE0E /* Base */,
			);
			name = LaunchScreen.storyboard;
			sourceTree = "<group>";
		};
/* End PBXVariantGroup section */

/* Begin XCBuildConfiguration section */
		EFF3C06B23C6CFED0019FE0E /* Debug */ = {
			isa = XCBuildConfiguration;
			buildSettings = {
				ALWAYS_SEARCH_USER_PATHS = NO;
				CLANG_ANALYZER_NONNULL = YES;
				CLANG_ANALYZER_NUMBER_OBJECT_CONVERSION = YES_AGGRESSIVE;
				CLANG_CXX_LANGUAGE_STANDARD = "gnu++14";
				CLANG_CXX_LIBRARY = "libc++";
				CLANG_ENABLE_MODULES = YES;
				CLANG_ENABLE_OBJC_ARC = YES;
				CLANG_ENABLE_OBJC_WEAK = YES;
				CLANG_WARN_BLOCK_CAPTURE_AUTORELEASING = YES;
				CLANG_WARN_BOOL_CONVERSION = YES;
				CLANG_WARN_COMMA = YES;
				CLANG_WARN_CONSTANT_CONVERSION = YES;
				CLANG_WARN_DEPRECATED_OBJC_IMPLEMENTATIONS = YES;
				CLANG_WARN_DIRECT_OBJC_ISA_USAGE = YES_ERROR;
				CLANG_WARN_DOCUMENTATION_COMMENTS = YES;
				CLANG_WARN_EMPTY_BODY = YES;
				CLANG_WARN_ENUM_CONVERSION = YES;
				CLANG_WARN_INFINITE_RECURSION = YES;
				CLANG_WARN_INT_CONVERSION = YES;
				CLANG_WARN_NON_LITERAL_NULL_CONVERSION = YES;
				CLANG_WARN_OBJC_IMPLICIT_RETAIN_SELF = YES;
				CLANG_WARN_OBJC_LITERAL_CONVERSION = YES;
				CLANG_WARN_OBJC_ROOT_CLASS = YES_ERROR;
				CLANG_WARN_RANGE_LOOP_ANALYSIS = YES;
				CLANG_WARN_STRICT_PROTOTYPES = YES;
				CLANG_WARN_SUSPICIOUS_MOVE = YES;
				CLANG_WARN_UNGUARDED_AVAILABILITY = YES_AGGRESSIVE;
				CLANG_WARN_UNREACHABLE_CODE = YES;
				CLANG_WARN__DUPLICATE_METHOD_MATCH = YES;
				COPY_PHASE_STRIP = NO;
				DEBUG_INFORMATION_FORMAT = dwarf;
				ENABLE_STRICT_OBJC_MSGSEND = YES;
				ENABLE_TESTABILITY = YES;
				GCC_C_LANGUAGE_STANDARD = gnu11;
				GCC_DYNAMIC_NO_PIC = NO;
				GCC_NO_COMMON_BLOCKS = YES;
				GCC_OPTIMIZATION_LEVEL = 0;
				GCC_PREPROCESSOR_DEFINITIONS = (
					"DEBUG=1",
					"$(inherited)",
				);
				GCC_WARN_64_TO_32_BIT_CONVERSION = YES;
				GCC_WARN_ABOUT_RETURN_TYPE = YES_ERROR;
				GCC_WARN_UNDECLARED_SELECTOR = YES;
				GCC_WARN_UNINITIALIZED_AUTOS = YES_AGGRESSIVE;
				GCC_WARN_UNUSED_FUNCTION = YES;
				GCC_WARN_UNUSED_VARIABLE = YES;
				IPHONEOS_DEPLOYMENT_TARGET = 13.2;
				MTL_ENABLE_DEBUG_INFO = INCLUDE_SOURCE;
				MTL_FAST_MATH = YES;
				ONLY_ACTIVE_ARCH = YES;
				SDKROOT = iphoneos;
				SWIFT_ACTIVE_COMPILATION_CONDITIONS = DEBUG;
				SWIFT_OPTIMIZATION_LEVEL = "-Onone";
			};
			name = Debug;
		};
		EFF3C06C23C6CFED0019FE0E /* Release */ = {
			isa = XCBuildConfiguration;
			buildSettings = {
				ALWAYS_SEARCH_USER_PATHS = NO;
				CLANG_ANALYZER_NONNULL = YES;
				CLANG_ANALYZER_NUMBER_OBJECT_CONVERSION = YES_AGGRESSIVE;
				CLANG_CXX_LANGUAGE_STANDARD = "gnu++14";
				CLANG_CXX_LIBRARY = "libc++";
				CLANG_ENABLE_MODULES = YES;
				CLANG_ENABLE_OBJC_ARC = YES;
				CLANG_ENABLE_OBJC_WEAK = YES;
				CLANG_WARN_BLOCK_CAPTURE_AUTORELEASING = YES;
				CLANG_WARN_BOOL_CONVERSION = YES;
				CLANG_WARN_COMMA = YES;
				CLANG_WARN_CONSTANT_CONVERSION = YES;
				CLANG_WARN_DEPRECATED_OBJC_IMPLEMENTATIONS = YES;
				CLANG_WARN_DIRECT_OBJC_ISA_USAGE = YES_ERROR;
				CLANG_WARN_DOCUMENTATION_COMMENTS = YES;
				CLANG_WARN_EMPTY_BODY = YES;
				CLANG_WARN_ENUM_CONVERSION = YES;
				CLANG_WARN_INFINITE_RECURSION = YES;
				CLANG_WARN_INT_CONVERSION = YES;
				CLANG_WARN_NON_LITERAL_NULL_CONVERSION = YES;
				CLANG_WARN_OBJC_IMPLICIT_RETAIN_SELF = YES;
				CLANG_WARN_OBJC_LITERAL_CONVERSION = YES;
				CLANG_WARN_OBJC_ROOT_CLASS = YES_ERROR;
				CLANG_WARN_RANGE_LOOP_ANALYSIS = YES;
				CLANG_WARN_STRICT_PROTOTYPES = YES;
				CLANG_WARN_SUSPICIOUS_MOVE = YES;
				CLANG_WARN_UNGUARDED_AVAILABILITY = YES_AGGRESSIVE;
				CLANG_WARN_UNREACHABLE_CODE = YES;
				CLANG_WARN__DUPLICATE_METHOD_MATCH = YES;
				COPY_PHASE_STRIP = NO;
				DEBUG_INFORMATION_FORMAT = "dwarf-with-dsym";
				ENABLE_NS_ASSERTIONS = NO;
				ENABLE_STRICT_OBJC_MSGSEND = YES;
				GCC_C_LANGUAGE_STANDARD = gnu11;
				GCC_NO_COMMON_BLOCKS = YES;
				GCC_WARN_64_TO_32_BIT_CONVERSION = YES;
				GCC_WARN_ABOUT_RETURN_TYPE = YES_ERROR;
				GCC_WARN_UNDECLARED_SELECTOR = YES;
				GCC_WARN_UNINITIALIZED_AUTOS = YES_AGGRESSIVE;
				GCC_WARN_UNUSED_FUNCTION = YES;
				GCC_WARN_UNUSED_VARIABLE = YES;
				IPHONEOS_DEPLOYMENT_TARGET = 13.2;
				MTL_ENABLE_DEBUG_INFO = NO;
				MTL_FAST_MATH = YES;
				SDKROOT = iphoneos;
				SWIFT_COMPILATION_MODE = wholemodule;
				SWIFT_OPTIMIZATION_LEVEL = "-O";
				VALIDATE_PRODUCT = YES;
			};
			name = Release;
		};
		EFF3C06E23C6CFED0019FE0E /* Debug */ = {
			isa = XCBuildConfiguration;
			baseConfigurationReference = 67391021B8F86A55E2D0ECF6 /* Pods-efi-ios.debug.xcconfig */;
			buildSettings = {
				ASSETCATALOG_COMPILER_APPICON_NAME = AppIcon;
				CODE_SIGN_STYLE = Automatic;
				DEVELOPMENT_TEAM = TCUFMWTLRR;
				INFOPLIST_FILE = "efi-ios/Info.plist";
				IPHONEOS_DEPLOYMENT_TARGET = 11.0;
				LD_RUNPATH_SEARCH_PATHS = (
					"$(inherited)",
					"@executable_path/Frameworks",
				);
				PRODUCT_BUNDLE_IDENTIFIER = "com.tat.efip.efi-ios";
				PRODUCT_NAME = "$(TARGET_NAME)";
				SWIFT_VERSION = 5.0;
				TARGETED_DEVICE_FAMILY = "1,2";
			};
			name = Debug;
		};
		EFF3C06F23C6CFED0019FE0E /* Release */ = {
			isa = XCBuildConfiguration;
			baseConfigurationReference = 0DCA91A54953BFF23334FDD6 /* Pods-efi-ios.release.xcconfig */;
			buildSettings = {
				ASSETCATALOG_COMPILER_APPICON_NAME = AppIcon;
				CODE_SIGN_STYLE = Automatic;
				DEVELOPMENT_TEAM = TCUFMWTLRR;
				INFOPLIST_FILE = "efi-ios/Info.plist";
				IPHONEOS_DEPLOYMENT_TARGET = 11.0;
				LD_RUNPATH_SEARCH_PATHS = (
					"$(inherited)",
					"@executable_path/Frameworks",
				);
				PRODUCT_BUNDLE_IDENTIFIER = "com.tat.efip.efi-ios";
				PRODUCT_NAME = "$(TARGET_NAME)";
				SWIFT_VERSION = 5.0;
				TARGETED_DEVICE_FAMILY = "1,2";
			};
			name = Release;
		};
		EFF3C07123C6CFED0019FE0E /* Debug */ = {
			isa = XCBuildConfiguration;
			baseConfigurationReference = 9F726682AEC9D6662983AD53 /* Pods-efi-iosTests.debug.xcconfig */;
			buildSettings = {
				ALWAYS_EMBED_SWIFT_STANDARD_LIBRARIES = YES;
				BUNDLE_LOADER = "$(TEST_HOST)";
				CODE_SIGN_STYLE = Automatic;
				DEVELOPMENT_TEAM = CL394XTDGP;
				INFOPLIST_FILE = "efi-iosTests/Info.plist";
				IPHONEOS_DEPLOYMENT_TARGET = 13.2;
				LD_RUNPATH_SEARCH_PATHS = (
					"$(inherited)",
					"@executable_path/Frameworks",
					"@loader_path/Frameworks",
				);
				PRODUCT_BUNDLE_IDENTIFIER = "com.tat.efip.efi-iosTests";
				PRODUCT_NAME = "$(TARGET_NAME)";
				SWIFT_VERSION = 5.0;
				TARGETED_DEVICE_FAMILY = "1,2";
				TEST_HOST = "$(BUILT_PRODUCTS_DIR)/efi-ios.app/efi-ios";
			};
			name = Debug;
		};
		EFF3C07223C6CFED0019FE0E /* Release */ = {
			isa = XCBuildConfiguration;
			baseConfigurationReference = E96FD2FFF777417EEAADA4DE /* Pods-efi-iosTests.release.xcconfig */;
			buildSettings = {
				ALWAYS_EMBED_SWIFT_STANDARD_LIBRARIES = YES;
				BUNDLE_LOADER = "$(TEST_HOST)";
				CODE_SIGN_STYLE = Automatic;
				DEVELOPMENT_TEAM = CL394XTDGP;
				INFOPLIST_FILE = "efi-iosTests/Info.plist";
				IPHONEOS_DEPLOYMENT_TARGET = 13.2;
				LD_RUNPATH_SEARCH_PATHS = (
					"$(inherited)",
					"@executable_path/Frameworks",
					"@loader_path/Frameworks",
				);
				PRODUCT_BUNDLE_IDENTIFIER = "com.tat.efip.efi-iosTests";
				PRODUCT_NAME = "$(TARGET_NAME)";
				SWIFT_VERSION = 5.0;
				TARGETED_DEVICE_FAMILY = "1,2";
				TEST_HOST = "$(BUILT_PRODUCTS_DIR)/efi-ios.app/efi-ios";
			};
			name = Release;
		};
		EFF3C07423C6CFED0019FE0E /* Debug */ = {
			isa = XCBuildConfiguration;
			baseConfigurationReference = DBA7F73C21A5B2D097F8EA5C /* Pods-efi-ios-efi-iosUITests.debug.xcconfig */;
			buildSettings = {
				ALWAYS_EMBED_SWIFT_STANDARD_LIBRARIES = YES;
				CODE_SIGN_STYLE = Automatic;
				DEVELOPMENT_TEAM = CL394XTDGP;
				INFOPLIST_FILE = "efi-iosUITests/Info.plist";
				LD_RUNPATH_SEARCH_PATHS = (
					"$(inherited)",
					"@executable_path/Frameworks",
					"@loader_path/Frameworks",
				);
				PRODUCT_BUNDLE_IDENTIFIER = "com.tat.efip.efi-iosUITests";
				PRODUCT_NAME = "$(TARGET_NAME)";
				SWIFT_VERSION = 5.0;
				TARGETED_DEVICE_FAMILY = "1,2";
				TEST_TARGET_NAME = "efi-ios";
			};
			name = Debug;
		};
		EFF3C07523C6CFED0019FE0E /* Release */ = {
			isa = XCBuildConfiguration;
			baseConfigurationReference = 5776B33881B56F9854ED6AC0 /* Pods-efi-ios-efi-iosUITests.release.xcconfig */;
			buildSettings = {
				ALWAYS_EMBED_SWIFT_STANDARD_LIBRARIES = YES;
				CODE_SIGN_STYLE = Automatic;
				DEVELOPMENT_TEAM = CL394XTDGP;
				INFOPLIST_FILE = "efi-iosUITests/Info.plist";
				LD_RUNPATH_SEARCH_PATHS = (
					"$(inherited)",
					"@executable_path/Frameworks",
					"@loader_path/Frameworks",
				);
				PRODUCT_BUNDLE_IDENTIFIER = "com.tat.efip.efi-iosUITests";
				PRODUCT_NAME = "$(TARGET_NAME)";
				SWIFT_VERSION = 5.0;
				TARGETED_DEVICE_FAMILY = "1,2";
				TEST_TARGET_NAME = "efi-ios";
			};
			name = Release;
		};
/* End XCBuildConfiguration section */

/* Begin XCConfigurationList section */
		EFF3C03E23C6CFEB0019FE0E /* Build configuration list for PBXProject "efi-ios" */ = {
			isa = XCConfigurationList;
			buildConfigurations = (
				EFF3C06B23C6CFED0019FE0E /* Debug */,
				EFF3C06C23C6CFED0019FE0E /* Release */,
			);
			defaultConfigurationIsVisible = 0;
			defaultConfigurationName = Release;
		};
		EFF3C06D23C6CFED0019FE0E /* Build configuration list for PBXNativeTarget "efi-ios" */ = {
			isa = XCConfigurationList;
			buildConfigurations = (
				EFF3C06E23C6CFED0019FE0E /* Debug */,
				EFF3C06F23C6CFED0019FE0E /* Release */,
			);
			defaultConfigurationIsVisible = 0;
			defaultConfigurationName = Release;
		};
		EFF3C07023C6CFED0019FE0E /* Build configuration list for PBXNativeTarget "efi-iosTests" */ = {
			isa = XCConfigurationList;
			buildConfigurations = (
				EFF3C07123C6CFED0019FE0E /* Debug */,
				EFF3C07223C6CFED0019FE0E /* Release */,
			);
			defaultConfigurationIsVisible = 0;
			defaultConfigurationName = Release;
		};
		EFF3C07323C6CFED0019FE0E /* Build configuration list for PBXNativeTarget "efi-iosUITests" */ = {
			isa = XCConfigurationList;
			buildConfigurations = (
				EFF3C07423C6CFED0019FE0E /* Debug */,
				EFF3C07523C6CFED0019FE0E /* Release */,
			);
			defaultConfigurationIsVisible = 0;
			defaultConfigurationName = Release;
		};
/* End XCConfigurationList section */
	};
	rootObject = EFF3C03B23C6CFEB0019FE0E /* Project object */;
}
